
Microsoft Visual Studio Solution File, Format Version 12.00
# Visual Studio Version 17
VisualStudioVersion = 17.8.34525.116
MinimumVisualStudioVersion = 10.0.40219.1
Project("{FAE04EC0-301F-11D3-BF4B-00C04F79EFBC}") = "StockBot", "StockBot\StockBot.csproj", "{01E13DBF-AE03-4554-A114-E8FCC5FDD899}"
EndProject
Global
	GlobalSection(SolutionConfigurationPlatforms) = preSolution
		Debug|Any CPU = Debug|Any CPU
		Release|Any CPU = Release|Any CPU
	EndGlobalSection
	GlobalSection(ProjectConfigurationPlatforms) = postSolution
		{01E13DBF-AE03-4554-A114-E8FCC5FDD899}.Debug|Any CPU.ActiveCfg = Debug|Any CPU
		{01E13DBF-AE03-4554-A114-E8FCC5FDD899}.Debug|Any CPU.Build.0 = Debug|Any CPU
		{01E13DBF-AE03-4554-A114-E8FCC5FDD899}.Release|Any CPU.ActiveCfg = Release|Any CPU
		{01E13DBF-AE03-4554-A114-E8FCC5FDD899}.Release|Any CPU.Build.0 = Release|Any CPU
	EndGlobalSection
	GlobalSection(SolutionProperties) = preSolution
		HideSolutionNode = FALSE
	EndGlobalSection
	GlobalSection(ExtensibilityGlobals) = postSolution
		SolutionGuid = {4357AAB9-90C6-40A4-94B9-F5A7B195653B}
	EndGlobalSection
EndGlobal
